{
  "version": "3",
  "packages": {
    "specifiers": {
      "jsr:@cliffy/ansi@1.0.0-rc.7": "jsr:@cliffy/ansi@1.0.0-rc.7",
      "jsr:@cliffy/command@1.0.0-rc.7": "jsr:@cliffy/command@1.0.0-rc.7",
      "jsr:@cliffy/flags@1.0.0-rc.7": "jsr:@cliffy/flags@1.0.0-rc.7",
      "jsr:@cliffy/internal@1.0.0-rc.7": "jsr:@cliffy/internal@1.0.0-rc.7",
      "jsr:@cliffy/table@1.0.0-rc.7": "jsr:@cliffy/table@1.0.0-rc.7",
      "jsr:@david/code-block-writer@^13.0.2": "jsr:@david/code-block-writer@13.0.3",
      "jsr:@david/console-static-text@^0.3.0": "jsr:@david/console-static-text@0.3.0",
      "jsr:@david/dax@0.43.2": "jsr:@david/dax@0.43.2",
      "jsr:@david/path@0.2": "jsr:@david/path@0.2.0",
      "jsr:@david/which@~0.4.1": "jsr:@david/which@0.4.1",
      "jsr:@deno/cache-dir@^0.10.3": "jsr:@deno/cache-dir@0.10.3",
      "jsr:@deno/dnt@0.41.3": "jsr:@deno/dnt@0.41.3",
      "jsr:@deno/graph@^0.73.1": "jsr:@deno/graph@0.73.1",
      "jsr:@std/assert@1.0.6": "jsr:@std/assert@1.0.6",
      "jsr:@std/assert@^0.223.0": "jsr:@std/assert@0.223.0",
      "jsr:@std/assert@^0.226.0": "jsr:@std/assert@0.226.0",
      "jsr:@std/bytes@^0.223.0": "jsr:@std/bytes@0.223.0",
      "jsr:@std/bytes@^1.0.5": "jsr:@std/bytes@1.0.6",
      "jsr:@std/fmt@1": "jsr:@std/fmt@1.0.8",
      "jsr:@std/fmt@^0.223": "jsr:@std/fmt@0.223.0",
      "jsr:@std/fmt@~1.0.2": "jsr:@std/fmt@1.0.8",
      "jsr:@std/fs@1": "jsr:@std/fs@1.0.19",
      "jsr:@std/fs@^0.223": "jsr:@std/fs@0.223.0",
      "jsr:@std/fs@^0.229.3": "jsr:@std/fs@0.229.3",
      "jsr:@std/fs@^1": "jsr:@std/fs@1.0.19",
      "jsr:@std/internal@^1.0.10": "jsr:@std/internal@1.0.12",
      "jsr:@std/internal@^1.0.4": "jsr:@std/internal@1.0.12",
      "jsr:@std/internal@^1.0.9": "jsr:@std/internal@1.0.12",
      "jsr:@std/io@0.225": "jsr:@std/io@0.225.2",
      "jsr:@std/io@^0.223": "jsr:@std/io@0.223.0",
      "jsr:@std/path@1": "jsr:@std/path@1.0.6",
      "jsr:@std/path@1.0.0-rc.1": "jsr:@std/path@1.0.0-rc.1",
      "jsr:@std/path@1.0.6": "jsr:@std/path@1.0.6",
      "jsr:@std/path@^0.223": "jsr:@std/path@0.223.0",
      "jsr:@std/path@^0.225.2": "jsr:@std/path@0.225.2",
      "jsr:@std/path@^1": "jsr:@std/path@1.1.2",
      "jsr:@std/path@^1.1.1": "jsr:@std/path@1.1.2",
      "jsr:@std/text@~1.0.7": "jsr:@std/text@1.0.16",
      "jsr:@ts-morph/bootstrap@^0.24.0": "jsr:@ts-morph/bootstrap@0.24.0",
      "jsr:@ts-morph/common@^0.24.0": "jsr:@ts-morph/common@0.24.0",
      "npm:@actions/core@1.11.1": "npm:@actions/core@1.11.1"
    },
    "jsr": {
      "@cliffy/ansi@1.0.0-rc.7": {
        "integrity": "f71c921cce224c13d322e5cedba4f38e8f7354c7d855c9cb22729362a53f25aa",
        "dependencies": [
          "jsr:@std/fmt@~1.0.2"
        ]
      },
      "@cliffy/command@1.0.0-rc.7": {
        "integrity": "1288808d7a3cd18b86c24c2f920e47a6d954b7e23cadc35c8cbd78f8be41f0cd",
        "dependencies": [
          "jsr:@cliffy/flags@1.0.0-rc.7",
          "jsr:@cliffy/internal@1.0.0-rc.7",
          "jsr:@cliffy/table@1.0.0-rc.7",
          "jsr:@std/fmt@~1.0.2",
          "jsr:@std/text@~1.0.7"
        ]
      },
      "@cliffy/flags@1.0.0-rc.7": {
        "integrity": "318d9be98f6a6417b108e03dec427dea96cdd41a15beb21d2554ae6da450a781",
        "dependencies": [
          "jsr:@std/text@~1.0.7"
        ]
      },
      "@cliffy/internal@1.0.0-rc.7": {
        "integrity": "10412636ab3e67517d448be9eaab1b70c88eba9be22617b5d146257a11cc9b17"
      },
      "@cliffy/table@1.0.0-rc.7": {
        "integrity": "9fdd9776eda28a0b397981c400eeb1aa36da2371b43eefe12e6ff555290e3180",
        "dependencies": [
          "jsr:@std/fmt@~1.0.2"
        ]
      },
      "@david/code-block-writer@13.0.3": {
        "integrity": "f98c77d320f5957899a61bfb7a9bead7c6d83ad1515daee92dbacc861e13bb7f"
      },
      "@david/console-static-text@0.3.0": {
        "integrity": "2dfb46ecee525755f7989f94ece30bba85bd8ffe3e8666abc1bf926e1ee0698d"
      },
      "@david/dax@0.43.2": {
        "integrity": "8c7df175465d994c0e3568e3eb91102768c2f1c86d2a513d7fc4cab13f9cb328",
        "dependencies": [
          "jsr:@david/console-static-text@^0.3.0",
          "jsr:@david/path@0.2",
          "jsr:@david/which@~0.4.1",
          "jsr:@std/fmt@1",
          "jsr:@std/fs@1",
          "jsr:@std/io@0.225",
          "jsr:@std/path@1"
        ]
      },
      "@david/path@0.2.0": {
        "integrity": "f2d7aa7f02ce5a55e27c09f9f1381794acb09d328f8d3c8a2e3ab3ffc294dccd",
        "dependencies": [
          "jsr:@std/fs@^1",
          "jsr:@std/path@^1"
        ]
      },
      "@david/which@0.4.1": {
        "integrity": "896a682b111f92ab866cc70c5b4afab2f5899d2f9bde31ed00203b9c250f225e"
      },
      "@deno/cache-dir@0.10.3": {
        "integrity": "eb022f84ecc49c91d9d98131c6e6b118ff63a29e343624d058646b9d50404776",
        "dependencies": [
          "jsr:@deno/graph@^0.73.1",
          "jsr:@std/fmt@^0.223",
          "jsr:@std/fs@^0.223",
          "jsr:@std/io@^0.223",
          "jsr:@std/path@^0.223"
        ]
      },
      "@deno/dnt@0.41.3": {
        "integrity": "b2ef2c8a5111eef86cb5bfcae103d6a2938e8e649e2461634a7befb7fc59d6d2",
        "dependencies": [
          "jsr:@david/code-block-writer@^13.0.2",
          "jsr:@deno/cache-dir@^0.10.3",
          "jsr:@std/fmt@1",
          "jsr:@std/fs@1",
          "jsr:@std/path@1",
          "jsr:@ts-morph/bootstrap@^0.24.0"
        ]
      },
      "@deno/graph@0.73.1": {
        "integrity": "cd69639d2709d479037d5ce191a422eabe8d71bb68b0098344f6b07411c84d41"
      },
      "@std/assert@0.223.0": {
        "integrity": "eb8d6d879d76e1cc431205bd346ed4d88dc051c6366365b1af47034b0670be24"
      },
      "@std/assert@0.226.0": {
        "integrity": "0dfb5f7c7723c18cec118e080fec76ce15b4c31154b15ad2bd74822603ef75b3"
      },
      "@std/assert@1.0.6": {
        "integrity": "1904c05806a25d94fe791d6d883b685c9e2dcd60e4f9fc30f4fc5cf010c72207",
        "dependencies": [
          "jsr:@std/internal@^1.0.4"
        ]
      },
      "@std/bytes@0.223.0": {
        "integrity": "84b75052cd8680942c397c2631318772b295019098f40aac5c36cead4cba51a8"
      },
      "@std/bytes@1.0.6": {
        "integrity": "f6ac6adbd8ccd99314045f5703e23af0a68d7f7e58364b47d2c7f408aeb5820a"
      },
      "@std/fmt@0.223.0": {
        "integrity": "6deb37794127dfc7d7bded2586b9fc6f5d50e62a8134846608baf71ffc1a5208"
      },
      "@std/fmt@1.0.8": {
        "integrity": "71e1fc498787e4434d213647a6e43e794af4fd393ef8f52062246e06f7e372b7"
      },
      "@std/fs@0.223.0": {
        "integrity": "3b4b0550b2c524cbaaa5a9170c90e96cbb7354e837ad1bdaf15fc9df1ae9c31c"
      },
      "@std/fs@0.229.3": {
        "integrity": "783bca21f24da92e04c3893c9e79653227ab016c48e96b3078377ebd5222e6eb",
        "dependencies": [
          "jsr:@std/path@1.0.0-rc.1"
        ]
      },
      "@std/fs@1.0.19": {
        "integrity": "051968c2b1eae4d2ea9f79a08a3845740ef6af10356aff43d3e2ef11ed09fb06",
        "dependencies": [
          "jsr:@std/internal@^1.0.9",
          "jsr:@std/path@^1.1.1"
        ]
      },
      "@std/internal@1.0.12": {
        "integrity": "972a634fd5bc34b242024402972cd5143eac68d8dffaca5eaa4dba30ce17b027"
      },
      "@std/io@0.223.0": {
        "integrity": "2d8c3c2ab3a515619b90da2c6ff5ea7b75a94383259ef4d02116b228393f84f1",
        "dependencies": [
          "jsr:@std/assert@^0.223.0",
          "jsr:@std/bytes@^0.223.0"
        ]
      },
      "@std/io@0.225.2": {
        "integrity": "3c740cd4ee4c082e6cfc86458f47e2ab7cb353dc6234d5e9b1f91a2de5f4d6c7",
        "dependencies": [
          "jsr:@std/bytes@^1.0.5"
        ]
      },
      "@std/path@0.223.0": {
        "integrity": "593963402d7e6597f5a6e620931661053572c982fc014000459edc1f93cc3989",
        "dependencies": [
          "jsr:@std/assert@^0.223.0"
        ]
      },
      "@std/path@0.225.2": {
        "integrity": "0f2db41d36b50ef048dcb0399aac720a5348638dd3cb5bf80685bf2a745aa506",
        "dependencies": [
          "jsr:@std/assert@^0.226.0"
        ]
      },
      "@std/path@1.0.0-rc.1": {
        "integrity": "b8c00ae2f19106a6bb7cbf1ab9be52aa70de1605daeb2dbdc4f87a7cbaf10ff6"
      },
      "@std/path@1.0.6": {
        "integrity": "ab2c55f902b380cf28e0eec501b4906e4c1960d13f00e11cfbcd21de15f18fed"
      },
      "@std/path@1.1.2": {
        "integrity": "c0b13b97dfe06546d5e16bf3966b1cadf92e1cc83e56ba5476ad8b498d9e3038",
        "dependencies": [
          "jsr:@std/internal@^1.0.10"
        ]
      },
      "@std/text@1.0.16": {
        "integrity": "ddb9853b75119a2473857d691cf1ec02ad90793a2e8b4a4ac49d7354281a0cf8"
      },
      "@ts-morph/bootstrap@0.24.0": {
        "integrity": "a826a2ef7fa8a7c3f1042df2c034d20744d94da2ee32bf29275bcd4dffd3c060",
        "dependencies": [
          "jsr:@ts-morph/common@^0.24.0"
        ]
      },
      "@ts-morph/common@0.24.0": {
        "integrity": "12b625b8e562446ba658cdbe9ad77774b4bd96b992ae8bd34c60dbf24d06c1f3",
        "dependencies": [
          "jsr:@std/fs@^0.229.3",
          "jsr:@std/path@^0.225.2"
        ]
      }
    },
    "npm": {
      "@actions/core@1.11.1": {
        "integrity": "sha512-hXJCSrkwfA46Vd9Z3q4cpEpHB1rL5NG04+/rbqW9d3+CSvtB1tYe8UTpAlixa1vj0m/ULglfEK2UKxMGxCxv5A==",
        "dependencies": {
          "@actions/exec": "@actions/exec@1.1.1",
          "@actions/http-client": "@actions/http-client@2.2.3"
        }
      },
      "@actions/exec@1.1.1": {
        "integrity": "sha512-+sCcHHbVdk93a0XT19ECtO/gIXoxvdsgQLzb2fE2/5sIZmWQuluYyjPQtrtTHdU1YzTZ7bAPN4sITq2xi1679w==",
        "dependencies": {
          "@actions/io": "@actions/io@1.1.3"
        }
      },
      "@actions/http-client@2.2.3": {
        "integrity": "sha512-mx8hyJi/hjFvbPokCg4uRd4ZX78t+YyRPtnKWwIl+RzNaVuFpQHfmlGVfsKEJN8LwTCvL+DfVgAM04XaHkm6bA==",
        "dependencies": {
          "tunnel": "tunnel@0.0.6",
          "undici": "undici@5.29.0"
        }
      },
      "@actions/io@1.1.3": {
        "integrity": "sha512-wi9JjgKLYS7U/z8PPbco+PvTb/nRWjeoFlJ1Qer83k/3C5PHQi28hiVdeE2kHXmIL99mQFawx8qt/JPjZilJ8Q==",
        "dependencies": {}
      },
      "@fastify/busboy@2.1.1": {
        "integrity": "sha512-vBZP4NlzfOlerQTnba4aqZoMhE/a9HY7HRqoOPaETQcSQuWEIyZMHGfVu6w9wGtGK5fED5qRs2DteVCjOH60sA==",
        "dependencies": {}
      },
      "tunnel@0.0.6": {
        "integrity": "sha512-1h/Lnq9yajKY2PEbBadPXj3VxsDDu844OnaAo52UVmIzIvwwtBPIuNvkjuzBlTWpfJyUbG3ez0KSBibQkj4ojg==",
        "dependencies": {}
      },
      "undici@5.29.0": {
        "integrity": "sha512-raqeBD6NQK4SkWhQzeYKd1KmIG6dllBOTt55Rmkt4HtI9mwdWtJljnrXjAFUBLTSN67HWrOIZ3EPF4kjUw80Bg==",
        "dependencies": {
          "@fastify/busboy": "@fastify/busboy@2.1.1"
        }
      }
    }
  },
  "remote": {
    "https://deno.land/x/denoflate@1.2.1/mod.ts": "f5628e44b80b3d80ed525afa2ba0f12408e3849db817d47a883b801f9ce69dd6",
    "https://deno.land/x/denoflate@1.2.1/pkg/denoflate.js": "b9f9ad9457d3f12f28b1fb35c555f57443427f74decb403113d67364e4f2caf4",
    "https://deno.land/x/denoflate@1.2.1/pkg/denoflate_bg.wasm.js": "d581956245407a2115a3d7e8d85a9641c032940a8e810acbd59ca86afd34d44d",
    "https://deno.land/x/esbuild@v0.25.11/mod.js": "718047e96449a45ce5b4433a39fe1bc1edf10064c50faad59dd82ebe004ec43a"
  }
}
